// !$*UTF8*$!
{
	archiveVersion = 1;
	classes = {
	};
	objectVersion = 46;
	objects = {

/* Begin PBXBuildFile section */
		D70BBBD9190651C7002E9FB3 /* Foundation.framework in Frameworks */ = {isa = PBXBuildFile; fileRef = D70BBBD8190651C7002E9FB3 /* Foundation.framework */; };
		D70BBBDB190651C7002E9FB3 /* CoreGraphics.framework in Frameworks */ = {isa = PBXBuildFile; fileRef = D70BBBDA190651C7002E9FB3 /* CoreGraphics.framework */; };
		D70BBBDD190651C7002E9FB3 /* UIKit.framework in Frameworks */ = {isa = PBXBuildFile; fileRef = D70BBBDC190651C7002E9FB3 /* UIKit.framework */; };
		D70BBBE3190651C7002E9FB3 /* InfoPlist.strings in Resources */ = {isa = PBXBuildFile; fileRef = D70BBBE1190651C7002E9FB3 /* InfoPlist.strings */; };
		D70BBBE5190651C7002E9FB3 /* main.m in Sources */ = {isa = PBXBuildFile; fileRef = D70BBBE4190651C7002E9FB3 /* main.m */; };
		D70BBBE9190651C7002E9FB3 /* XXAppDelegate.m in Sources */ = {isa = PBXBuildFile; fileRef = D70BBBE8190651C7002E9FB3 /* XXAppDelegate.m */; };
		D70BBBEC190651C7002E9FB3 /* Main.storyboard in Resources */ = {isa = PBXBuildFile; fileRef = D70BBBEA190651C7002E9FB3 /* Main.storyboard */; };
		D70BBBEF190651C7002E9FB3 /* XXViewController.m in Sources */ = {isa = PBXBuildFile; fileRef = D70BBBEE190651C7002E9FB3 /* XXViewController.m */; };
		D70BBBF1190651C7002E9FB3 /* Images.xcassets in Resources */ = {isa = PBXBuildFile; fileRef = D70BBBF0190651C7002E9FB3 /* Images.xcassets */; };
		D70BBBF8190651C8002E9FB3 /* XCTest.framework in Frameworks */ = {isa = PBXBuildFile; fileRef = D70BBBF7190651C8002E9FB3 /* XCTest.framework */; };
		D70BBBF9190651C8002E9FB3 /* Foundation.framework in Frameworks */ = {isa = PBXBuildFile; fileRef = D70BBBD8190651C7002E9FB3 /* Foundation.framework */; };
		D70BBBFA190651C8002E9FB3 /* UIKit.framework in Frameworks */ = {isa = PBXBuildFile; fileRef = D70BBBDC190651C7002E9FB3 /* UIKit.framework */; };
		D70BBC02190651C8002E9FB3 /* InfoPlist.strings in Resources */ = {isa = PBXBuildFile; fileRef = D70BBC00190651C8002E9FB3 /* InfoPlist.strings */; };
		D70BBC04190651C8002E9FB3 /* CGBezierTutorialTests.m in Sources */ = {isa = PBXBuildFile; fileRef = D70BBC03190651C8002E9FB3 /* CGBezierTutorialTests.m */; };
/* End PBXBuildFile section */

/* Begin PBXContainerItemProxy section */
		D70BBBFB190651C8002E9FB3 /* PBXContainerItemProxy */ = {
			isa = PBXContainerItemProxy;
			containerPortal = D70BBBCD190651C7002E9FB3 /* Project object */;
			proxyType = 1;
			remoteGlobalIDString = D70BBBD4190651C7002E9FB3;
			remoteInfo = CGBezierTutorial;
		};
/* End PBXContainerItemProxy section */

/* Begin PBXFileReference section */
		D70BBBD5190651C7002E9FB3 /* CGBezierTutorial.app */ = {isa = PBXFileReference; explicitFileType = wrapper.application; includeInIndex = 0; path = CGBezierTutorial.app; sourceTree = BUILT_PRODUCTS_DIR; };
		D70BBBD8190651C7002E9FB3 /* Foundation.framework */ = {isa = PBXFileReference; lastKnownFileType = wrapper.framework; name = Foundation.framework; path = System/Library/Frameworks/Foundation.framework; sourceTree = SDKROOT; };
		D70BBBDA190651C7002E9FB3 /* CoreGraphics.framework */ = {isa = PBXFileReference; lastKnownFileType = wrapper.framework; name = CoreGraphics.framework; path = System/Library/Frameworks/CoreGraphics.framework; sourceTree = SDKROOT; };
		D70BBBDC190651C7002E9FB3 /* UIKit.framework */ = {isa = PBXFileReference; lastKnownFileType = wrapper.framework; name = UIKit.framework; path = System/Library/Frameworks/UIKit.framework; sourceTree = SDKROOT; };
		D70BBBE0190651C7002E9FB3 /* CGBezierTutorial-Info.plist */ = {isa = PBXFileReference; lastKnownFileType = text.plist.xml; path = "CGBezierTutorial-Info.plist"; sourceTree = "<group>"; };
		D70BBBE2190651C7002E9FB3 /* en */ = {isa = PBXFileReference; lastKnownFileType = text.plist.strings; name = en; path = en.lproj/InfoPlist.strings; sourceTree = "<group>"; };
		D70BBBE4190651C7002E9FB3 /* main.m */ = {isa = PBXFileReference; lastKnownFileType = sourcecode.c.objc; path = main.m; sourceTree = "<group>"; };
		D70BBBE6190651C7002E9FB3 /* CGBezierTutorial-Prefix.pch */ = {isa = PBXFileReference; lastKnownFileType = sourcecode.c.h; path = "CGBezierTutorial-Prefix.pch"; sourceTree = "<group>"; };
		D70BBBE7190651C7002E9FB3 /* XXAppDelegate.h */ = {isa = PBXFileReference; lastKnownFileType = sourcecode.c.h; path = XXAppDelegate.h; sourceTree = "<group>"; };
		D70BBBE8190651C7002E9FB3 /* XXAppDelegate.m */ = {isa = PBXFileReference; lastKnownFileType = sourcecode.c.objc; path = XXAppDelegate.m; sourceTree = "<group>"; };
		D70BBBEB190651C7002E9FB3 /* Base */ = {isa = PBXFileReference; lastKnownFileType = file.storyboard; name = Base; path = Base.lproj/Main.storyboard; sourceTree = "<group>"; };
		D70BBBED190651C7002E9FB3 /* XXViewController.h */ = {isa = PBXFileReference; lastKnownFileType = sourcecode.c.h; path = XXViewController.h; sourceTree = "<group>"; };
		D70BBBEE190651C7002E9FB3 /* XXViewController.m */ = {isa = PBXFileReference; lastKnownFileType = sourcecode.c.objc; path = XXViewController.m; sourceTree = "<group>"; };
		D70BBBF0190651C7002E9FB3 /* Images.xcassets */ = {isa = PBXFileReference; lastKnownFileType = folder.assetcatalog; path = Images.xcassets; sourceTree = "<group>"; };
		D70BBBF6190651C8002E9FB3 /* CGBezierTutorialTests.xctest */ = {isa = PBXFileReference; explicitFileType = wrapper.cfbundle; includeInIndex = 0; path = CGBezierTutorialTests.xctest; sourceTree = BUILT_PRODUCTS_DIR; };
		D70BBBF7190651C8002E9FB3 /* XCTest.framework */ = {isa = PBXFileReference; lastKnownFileType = wrapper.framework; name = XCTest.framework; path = Library/Frameworks/XCTest.framework; sourceTree = DEVELOPER_DIR; };
		D70BBBFF190651C8002E9FB3 /* CGBezierTutorialTests-Info.plist */ = {isa = PBXFileReference; lastKnownFileType = text.plist.xml; path = "CGBezierTutorialTests-Info.plist"; sourceTree = "<group>"; };
		D70BBC01190651C8002E9FB3 /* en */ = {isa = PBXFileReference; lastKnownFileType = text.plist.strings; name = en; path = en.lproj/InfoPlist.strings; sourceTree = "<group>"; };
		D70BBC03190651C8002E9FB3 /* CGBezierTutorialTests.m */ = {isa = PBXFileReference; lastKnownFileType = sourcecode.c.objc; path = CGBezierTutorialTests.m; sourceTree = "<group>"; };
/* End PBXFileReference section */

/* Begin PBXFrameworksBuildPhase section */
		D70BBBD2190651C7002E9FB3 /* Frameworks */ = {
			isa = PBXFrameworksBuildPhase;
			buildActionMask = 2147483647;
			files = (
				D70BBBDB190651C7002E9FB3 /* CoreGraphics.framework in Frameworks */,
				D70BBBDD190651C7002E9FB3 /* UIKit.framework in Frameworks */,
				D70BBBD9190651C7002E9FB3 /* Foundation.framework in Frameworks */,
			);
			runOnlyForDeploymentPostprocessing = 0;
		};
		D70BBBF3190651C8002E9FB3 /* Frameworks */ = {
			isa = PBXFrameworksBuildPhase;
			buildActionMask = 2147483647;
			files = (
				D70BBBF8190651C8002E9FB3 /* XCTest.framework in Frameworks */,
				D70BBBFA190651C8002E9FB3 /* UIKit.framework in Frameworks */,
				D70BBBF9190651C8002E9FB3 /* Foundation.framework in Frameworks */,
			);
			runOnlyForDeploymentPostprocessing = 0;
		};
/* End PBXFrameworksBuildPhase section */

/* Begin PBXGroup section */
		D70BBBCC190651C7002E9FB3 = {
			isa = PBXGroup;
			children = (
				D70BBBDE190651C7002E9FB3 /* CGBezierTutorial */,
				D70BBBFD190651C8002E9FB3 /* CGBezierTutorialTests */,
				D70BBBD7190651C7002E9FB3 /* Frameworks */,
				D70BBBD6190651C7002E9FB3 /* Products */,
			);
			sourceTree = "<group>";
		};
		D70BBBD6190651C7002E9FB3 /* Products */ = {
			isa = PBXGroup;
			children = (
				D70BBBD5190651C7002E9FB3 /* CGBezierTutorial.app */,
				D70BBBF6190651C8002E9FB3 /* CGBezierTutorialTests.xctest */,
			);
			name = Products;
			sourceTree = "<group>";
		};
		D70BBBD7190651C7002E9FB3 /* Frameworks */ = {
			isa = PBXGroup;
			children = (
				D70BBBD8190651C7002E9FB3 /* Foundation.framework */,
				D70BBBDA190651C7002E9FB3 /* CoreGraphics.framework */,
				D70BBBDC190651C7002E9FB3 /* UIKit.framework */,
				D70BBBF7190651C8002E9FB3 /* XCTest.framework */,
			);
			name = Frameworks;
			sourceTree = "<group>";
		};
		D70BBBDE190651C7002E9FB3 /* CGBezierTutorial */ = {
			isa = PBXGroup;
			children = (
				D70BBBE7190651C7002E9FB3 /* XXAppDelegate.h */,
				D70BBBE8190651C7002E9FB3 /* XXAppDelegate.m */,
				D70BBBEA190651C7002E9FB3 /* Main.storyboard */,
				D70BBBED190651C7002E9FB3 /* XXViewController.h */,
				D70BBBEE190651C7002E9FB3 /* XXViewController.m */,
				D70BBBF0190651C7002E9FB3 /* Images.xcassets */,
				D70BBBDF190651C7002E9FB3 /* Supporting Files */,
			);
			path = CGBezierTutorial;
			sourceTree = "<group>";
		};
		D70BBBDF190651C7002E9FB3 /* Supporting Files */ = {
			isa = PBXGroup;
			children = (
				D70BBBE0190651C7002E9FB3 /* CGBezierTutorial-Info.plist */,
				D70BBBE1190651C7002E9FB3 /* InfoPlist.strings */,
				D70BBBE4190651C7002E9FB3 /* main.m */,
				D70BBBE6190651C7002E9FB3 /* CGBezierTutorial-Prefix.pch */,
			);
			name = "Supporting Files";
			sourceTree = "<group>";
		};
		D70BBBFD190651C8002E9FB3 /* CGBezierTutorialTests */ = {
			isa = PBXGroup;
			children = (
				D70BBC03190651C8002E9FB3 /* CGBezierTutorialTests.m */,
				D70BBBFE190651C8002E9FB3 /* Supporting Files */,
			);
			path = CGBezierTutorialTests;
			sourceTree = "<group>";
		};
		D70BBBFE190651C8002E9FB3 /* Supporting Files */ = {
			isa = PBXGroup;
			children = (
				D70BBBFF190651C8002E9FB3 /* CGBezierTutorialTests-Info.plist */,
				D70BBC00190651C8002E9FB3 /* InfoPlist.strings */,
			);
			name = "Supporting Files";
			sourceTree = "<group>";
		};
/* End PBXGroup section */

/* Begin PBXNativeTarget section */
		D70BBBD4190651C7002E9FB3 /* CGBezierTutorial */ = {
			isa = PBXNativeTarget;
			buildConfigurationList = D70BBC07190651C8002E9FB3 /* Build configuration list for PBXNativeTarget "CGBezierTutorial" */;
			buildPhases = (
				D70BBBD1190651C7002E9FB3 /* Sources */,
				D70BBBD2190651C7002E9FB3 /* Frameworks */,
				D70BBBD3190651C7002E9FB3 /* Resources */,
			);
			buildRules = (
			);
			dependencies = (
			);
			name = CGBezierTutorial;
			productName = CGBezierTutorial;
			productReference = D70BBBD5190651C7002E9FB3 /* CGBezierTutorial.app */;
			productType = "com.apple.product-type.application";
		};
		D70BBBF5190651C8002E9FB3 /* CGBezierTutorialTests */ = {
			isa = PBXNativeTarget;
			buildConfigurationList = D70BBC0A190651C8002E9FB3 /* Build configuration list for PBXNativeTarget "CGBezierTutorialTests" */;
			buildPhases = (
				D70BBBF2190651C8002E9FB3 /* Sources */,
				D70BBBF3190651C8002E9FB3 /* Frameworks */,
				D70BBBF4190651C8002E9FB3 /* Resources */,
			);
			buildRules = (
			);
			dependencies = (
				D70BBBFC190651C8002E9FB3 /* PBXTargetDependency */,
			);
			name = CGBezierTutorialTests;
			productName = CGBezierTutorialTests;
			productReference = D70BBBF6190651C8002E9FB3 /* CGBezierTutorialTests.xctest */;
			productType = "com.apple.product-type.bundle.unit-test";
		};
/* End PBXNativeTarget section */

/* Begin PBXProject section */
		D70BBBCD190651C7002E9FB3 /* Project object */ = {
			isa = PBXProject;
			attributes = {
				CLASSPREFIX = XX;
				LastUpgradeCheck = 0510;
				ORGANIZATIONNAME = "Xu Xian";
				TargetAttributes = {
					D70BBBF5190651C8002E9FB3 = {
						TestTargetID = D70BBBD4190651C7002E9FB3;
					};
				};
			};
			buildConfigurationList = D70BBBD0190651C7002E9FB3 /* Build configuration list for PBXProject "CGBezierTutorial" */;
			compatibilityVersion = "Xcode 3.2";
			developmentRegion = English;
			hasScannedForEncodings = 0;
			knownRegions = (
				en,
				Base,
			);
			mainGroup = D70BBBCC190651C7002E9FB3;
			productRefGroup = D70BBBD6190651C7002E9FB3 /* Products */;
			projectDirPath = "";
			projectRoot = "";
			targets = (
				D70BBBD4190651C7002E9FB3 /* CGBezierTutorial */,
				D70BBBF5190651C8002E9FB3 /* CGBezierTutorialTests */,
			);
		};
/* End PBXProject section */

/* Begin PBXResourcesBuildPhase section */
		D70BBBD3190651C7002E9FB3 /* Resources */ = {
			isa = PBXResourcesBuildPhase;
			buildActionMask = 2147483647;
			files = (
				D70BBBF1190651C7002E9FB3 /* Images.xcassets in Resources */,
				D70BBBE3190651C7002E9FB3 /* InfoPlist.strings in Resources */,
				D70BBBEC190651C7002E9FB3 /* Main.storyboard in Resources */,
			);
			runOnlyForDeploymentPostprocessing = 0;
		};
		D70BBBF4190651C8002E9FB3 /* Resources */ = {
			isa = PBXResourcesBuildPhase;
			buildActionMask = 2147483647;
			files = (
				D70BBC02190651C8002E9FB3 /* InfoPlist.strings in Resources */,
			);
			runOnlyForDeploymentPostprocessing = 0;
		};
/* End PBXResourcesBuildPhase section */

/* Begin PBXSourcesBuildPhase section */
		D70BBBD1190651C7002E9FB3 /* Sources */ = {
			isa = PBXSourcesBuildPhase;
			buildActionMask = 2147483647;
			files = (
				D70BBBE9190651C7002E9FB3 /* XXAppDelegate.m in Sources */,
				D70BBBEF190651C7002E9FB3 /* XXViewController.m in Sources */,
				D70BBBE5190651C7002E9FB3 /* main.m in Sources */,
			);
			runOnlyForDeploymentPostprocessing = 0;
		};
		D70BBBF2190651C8002E9FB3 /* Sources */ = {
			isa = PBXSourcesBuildPhase;
			buildActionMask = 2147483647;
			files = (
				D70BBC04190651C8002E9FB3 /* CGBezierTutorialTests.m in Sources */,
			);
			runOnlyForDeploymentPostprocessing = 0;
		};
/* End PBXSourcesBuildPhase section */

/* Begin PBXTargetDependency section */
		D70BBBFC190651C8002E9FB3 /* PBXTargetDependency */ = {
			isa = PBXTargetDependency;
			target = D70BBBD4190651C7002E9FB3 /* CGBezierTutorial */;
			targetProxy = D70BBBFB190651C8002E9FB3 /* PBXContainerItemProxy */;
		};
/* End PBXTargetDependency section */

/* Begin PBXVariantGroup section */
		D70BBBE1190651C7002E9FB3 /* InfoPlist.strings */ = {
			isa = PBXVariantGroup;
			children = (
				D70BBBE2190651C7002E9FB3 /* en */,
			);
			name = InfoPlist.strings;
			sourceTree = "<group>";
		};
		D70BBBEA190651C7002E9FB3 /* Main.storyboard */ = {
			isa = PBXVariantGroup;
			children = (
				D70BBBEB190651C7002E9FB3 /* Base */,
			);
			name = Main.storyboard;
			sourceTree = "<group>";
		};
		D70BBC00190651C8002E9FB3 /* InfoPlist.strings */ = {
			isa = PBXVariantGroup;
			children = (
				D70BBC01190651C8002E9FB3 /* en */,
			);
			name = InfoPlist.strings;
			sourceTree = "<group>";
		};
/* End PBXVariantGroup section */

/* Begin XCBuildConfiguration section */
		D70BBC05190651C8002E9FB3 /* Debug */ = {
			isa = XCBuildConfiguration;
			buildSettings = {
				ALWAYS_SEARCH_USER_PATHS = NO;
				CLANG_CXX_LANGUAGE_STANDARD = "gnu++0x";
				CLANG_CXX_LIBRARY = "libc++";
				CLANG_ENABLE_MODULES = YES;
				CLANG_ENABLE_OBJC_ARC = YES;
				CLANG_WARN_BOOL_CONVERSION = YES;
				CLANG_WARN_CONSTANT_CONVERSION = YES;
				CLANG_WARN_DIRECT_OBJC_ISA_USAGE = YES_ERROR;
				CLANG_WARN_EMPTY_BODY = YES;
				CLANG_WARN_ENUM_CONVERSION = YES;
				CLANG_WARN_INT_CONVERSION = YES;
				CLANG_WARN_OBJC_ROOT_CLASS = YES_ERROR;
				CLANG_WARN__DUPLICATE_METHOD_MATCH = YES;
				"CODE_SIGN_IDENTITY[sdk=iphoneos*]" = "iPhone Developer";
				COPY_PHASE_STRIP = NO;
				GCC_C_LANGUAGE_STANDARD = gnu99;
				GCC_DYNAMIC_NO_PIC = NO;
				GCC_OPTIMIZATION_LEVEL = 0;
				GCC_PREPROCESSOR_DEFINITIONS = (
					"DEBUG=1",
					"$(inherited)",
				);
				GCC_SYMBOLS_PRIVATE_EXTERN = NO;
				GCC_WARN_64_TO_32_BIT_CONVERSION = YES;
				GCC_WARN_ABOUT_RETURN_TYPE = YES_ERROR;
				GCC_WARN_UNDECLARED_SELECTOR = YES;
				GCC_WARN_UNINITIALIZED_AUTOS = YES_AGGRESSIVE;
				GCC_WARN_UNUSED_FUNCTION = YES;
				GCC_WARN_UNUSED_VARIABLE = YES;
				IPHONEOS_DEPLOYMENT_TARGET = 7.1;
				ONLY_ACTIVE_ARCH = YES;
				SDKROOT = iphoneos;
			};
			name = Debug;
		};
		D70BBC06190651C8002E9FB3 /* Release */ = {
			isa = XCBuildConfiguration;
			buildSettings = {
				ALWAYS_SEARCH_USER_PATHS = NO;
				CLANG_CXX_LANGUAGE_STANDARD = "gnu++0x";
				CLANG_CXX_LIBRARY = "libc++";
				CLANG_ENABLE_MODULES = YES;
				CLANG_ENABLE_OBJC_ARC = YES;
				CLANG_WARN_BOOL_CONVERSION = YES;
				CLANG_WARN_CONSTANT_CONVERSION = YES;
				CLANG_WARN_DIRECT_OBJC_ISA_USAGE = YES_ERROR;
				CLANG_WARN_EMPTY_BODY = YES;
				CLANG_WARN_ENUM_CONVERSION = YES;
				CLANG_WARN_INT_CONVERSION = YES;
				CLANG_WARN_OBJC_ROOT_CLASS = YES_ERROR;
				CLANG_WARN__DUPLICATE_METHOD_MATCH = YES;
				"CODE_SIGN_IDENTITY[sdk=iphoneos*]" = "iPhone Developer";
				COPY_PHASE_STRIP = YES;
				ENABLE_NS_ASSERTIONS = NO;
				GCC_C_LANGUAGE_STANDARD = gnu99;
				GCC_WARN_64_TO_32_BIT_CONVERSION = YES;
				GCC_WARN_ABOUT_RETURN_TYPE = YES_ERROR;
				GCC_WARN_UNDECLARED_SELECTOR = YES;
				GCC_WARN_UNINITIALIZED_AUTOS = YES_AGGRESSIVE;
				GCC_WARN_UNUSED_FUNCTION = YES;
				GCC_WARN_UNUSED_VARIABLE = YES;
				IPHONEOS_DEPLOYMENT_TARGET = 7.1;
				SDKROOT = iphoneos;
				VALIDATE_PRODUCT = YES;
			};
			name = Release;
		};
		D70BBC08190651C8002E9FB3 /* Debug */ = {
			isa = XCBuildConfiguration;
			buildSettings = {
				ASSETCATALOG_COMPILER_APPICON_NAME = AppIcon;
				ASSETCATALOG_COMPILER_LAUNCHIMAGE_NAME = LaunchImage;
				GCC_PRECOMPILE_PREFIX_HEADER = YES;
				GCC_PREFIX_HEADER = "CGBezierTutorial/CGBezierTutorial-Prefix.pch";
				INFOPLIST_FILE = "CGBezierTutorial/CGBezierTutorial-Info.plist";
				PRODUCT_NAME = "$(TARGET_NAME)";
				WRAPPER_EXTENSION = app;
			};
			name = Debug;
		};
		D70BBC09190651C8002E9FB3 /* Release */ = {
			isa = XCBuildConfiguration;
			buildSettings = {
				ASSETCATALOG_COMPILER_APPICON_NAME = AppIcon;
				ASSETCATALOG_COMPILER_LAUNCHIMAGE_NAME = LaunchImage;
				GCC_PRECOMPILE_PREFIX_HEADER = YES;
				GCC_PREFIX_HEADER = "CGBezierTutorial/CGBezierTutorial-Prefix.pch";
				INFOPLIST_FILE = "CGBezierTutorial/CGBezierTutorial-Info.plist";
				PRODUCT_NAME = "$(TARGET_NAME)";
				WRAPPER_EXTENSION = app;
			};
			name = Release;
		};
		D70BBC0B190651C8002E9FB3 /* Debug */ = {
			isa = XCBuildConfiguration;
			buildSettings = {
				BUNDLE_LOADER = "$(BUILT_PRODUCTS_DIR)/CGBezierTutorial.app/CGBezierTutorial";
				FRAMEWORK_SEARCH_PATHS = (
					"$(SDKROOT)/Developer/Library/Frameworks",
					"$(inherited)",
					"$(DEVELOPER_FRAMEWORKS_DIR)",
				);
				GCC_PRECOMPILE_PREFIX_HEADER = YES;
				GCC_PREFIX_HEADER = "CGBezierTutorial/CGBezierTutorial-Prefix.pch";
				GCC_PREPROCESSOR_DEFINITIONS = (
					"DEBUG=1",
					"$(inherited)",
				);
				INFOPLIST_FILE = "CGBezierTutorialTests/CGBezierTutorialTests-Info.plist";
				PRODUCT_NAME = "$(TARGET_NAME)";
				TEST_HOST = "$(BUNDLE_LOADER)";
				WRAPPER_EXTENSION = xctest;
			};
			name = Debug;
		};
		D70BBC0C190651C8002E9FB3 /* Release */ = {
			isa = XCBuildConfiguration;
			buildSettings = {
				BUNDLE_LOADER = "$(BUILT_PRODUCTS_DIR)/CGBezierTutorial.app/CGBezierTutorial";
				FRAMEWORK_SEARCH_PATHS = (
					"$(SDKROOT)/Developer/Library/Frameworks",
					"$(inherited)",
					"$(DEVELOPER_FRAMEWORKS_DIR)",
				);
				GCC_PRECOMPILE_PREFIX_HEADER = YES;
				GCC_PREFIX_HEADER = "CGBezierTutorial/CGBezierTutorial-Prefix.pch";
				INFOPLIST_FILE = "CGBezierTutorialTests/CGBezierTutorialTests-Info.plist";
				PRODUCT_NAME = "$(TARGET_NAME)";
				TEST_HOST = "$(BUNDLE_LOADER)";
				WRAPPER_EXTENSION = xctest;
			};
			name = Release;
		};
/* End XCBuildConfiguration section */

/* Begin XCConfigurationList section */
		D70BBBD0190651C7002E9FB3 /* Build configuration list for PBXProject "CGBezierTutorial" */ = {
			isa = XCConfigurationList;
			buildConfigurations = (
				D70BBC05190651C8002E9FB3 /* Debug */,
				D70BBC06190651C8002E9FB3 /* Release */,
			);
			defaultConfigurationIsVisible = 0;
			defaultConfigurationName = Release;
		};
		D70BBC07190651C8002E9FB3 /* Build configuration list for PBXNativeTarget "CGBezierTutorial" */ = {
			isa = XCConfigurationList;
			buildConfigurations = (
				D70BBC08190651C8002E9FB3 /* Debug */,
				D70BBC09190651C8002E9FB3 /* Release */,
			);
			defaultConfigurationIsVisible = 0;
		};
		D70BBC0A190651C8002E9FB3 /* Build configuration list for PBXNativeTarget "CGBezierTutorialTests" */ = {
			isa = XCConfigurationList;
			buildConfigurations = (
				D70BBC0B190651C8002E9FB3 /* Debug */,
				D70BBC0C190651C8002E9FB3 /* Release */,
			);
			defaultConfigurationIsVisible = 0;
		};
/* End XCConfigurationList section */
	};
	rootObject = D70BBBCD190651C7002E9FB3 /* Project object */;
}
